
Microsoft Visual Studio Solution File, Format Version 12.00
# Visual Studio Version 17
VisualStudioVersion = 17.5.002.0
MinimumVisualStudioVersion = 10.0.40219.1
Project("{9A19103F-16F7-4668-BE54-9A1E7A4F7556}") = "CSharpCourse", "CSharpCourse.csproj", "{4AB75DD3-8E50-49CC-888E-F04C981EA349}"
EndProject
Global
	GlobalSection(SolutionConfigurationPlatforms) = preSolution
		Debug|Any CPU = Debug|Any CPU
		Release|Any CPU = Release|Any CPU
	EndGlobalSection
	GlobalSection(ProjectConfigurationPlatforms) = postSolution
		{4AB75DD3-8E50-49CC-888E-F04C981EA349}.Debug|Any CPU.ActiveCfg = Debug|Any CPU
		{4AB75DD3-8E50-49CC-888E-F04C981EA349}.Debug|Any CPU.Build.0 = Debug|Any CPU
		{4AB75DD3-8E50-49CC-888E-F04C981EA349}.Release|Any CPU.ActiveCfg = Release|Any CPU
		{4AB75DD3-8E50-49CC-888E-F04C981EA349}.Release|Any CPU.Build.0 = Release|Any CPU
	EndGlobalSection
	GlobalSection(SolutionProperties) = preSolution
		HideSolutionNode = FALSE
	EndGlobalSection
	GlobalSection(ExtensibilityGlobals) = postSolution
		SolutionGuid = {673A8016-68D5-4119-93BE-9F78B8EB8BD4}
	EndGlobalSection
EndGlobal
