
Microsoft Visual Studio Solution File, Format Version 12.00
# Visual Studio Version 17
VisualStudioVersion = 17.5.002.0
MinimumVisualStudioVersion = 10.0.40219.1
Project("{9A19103F-16F7-4668-BE54-9A1E7A4F7556}") = "StrategyPattern", "StrategyPattern.csproj", "{AD0492AF-F840-4D64-90E0-161590A2F3C4}"
EndProject
Global
	GlobalSection(SolutionConfigurationPlatforms) = preSolution
		Debug|Any CPU = Debug|Any CPU
		Release|Any CPU = Release|Any CPU
	EndGlobalSection
	GlobalSection(ProjectConfigurationPlatforms) = postSolution
		{AD0492AF-F840-4D64-90E0-161590A2F3C4}.Debug|Any CPU.ActiveCfg = Debug|Any CPU
		{AD0492AF-F840-4D64-90E0-161590A2F3C4}.Debug|Any CPU.Build.0 = Debug|Any CPU
		{AD0492AF-F840-4D64-90E0-161590A2F3C4}.Release|Any CPU.ActiveCfg = Release|Any CPU
		{AD0492AF-F840-4D64-90E0-161590A2F3C4}.Release|Any CPU.Build.0 = Release|Any CPU
	EndGlobalSection
	GlobalSection(SolutionProperties) = preSolution
		HideSolutionNode = FALSE
	EndGlobalSection
	GlobalSection(ExtensibilityGlobals) = postSolution
		SolutionGuid = {BC6AC69A-505B-4D62-9824-84F084D6A005}
	EndGlobalSection
EndGlobal
