
Microsoft Visual Studio Solution File, Format Version 12.00
# Visual Studio Version 17
VisualStudioVersion = 17.0.31903.59
MinimumVisualStudioVersion = 10.0.40219.1
Project("{FAE04EC0-301F-11D3-BF4B-00C04F79EFBC}") = "BankingTransactionSystem", "BankingTransactionSystem\BankingTransactionSystem.csproj", "{74DF4EFA-351A-4D59-AAAE-89F390336FFC}"
EndProject
Project("{FAE04EC0-301F-11D3-BF4B-00C04F79EFBC}") = "BankingTransactionSystem.Tests", "BankingTransactionSystem.Tests\BankingTransactionSystem.Tests.csproj", "{91171072-B166-4EF3-9327-9C6D652F1503}"
EndProject
Global
	GlobalSection(SolutionConfigurationPlatforms) = preSolution
		Debug|Any CPU = Debug|Any CPU
		Release|Any CPU = Release|Any CPU
	EndGlobalSection
	GlobalSection(SolutionProperties) = preSolution
		HideSolutionNode = FALSE
	EndGlobalSection
	GlobalSection(ProjectConfigurationPlatforms) = postSolution
		{74DF4EFA-351A-4D59-AAAE-89F390336FFC}.Debug|Any CPU.ActiveCfg = Debug|Any CPU
		{74DF4EFA-351A-4D59-AAAE-89F390336FFC}.Debug|Any CPU.Build.0 = Debug|Any CPU
		{74DF4EFA-351A-4D59-AAAE-89F390336FFC}.Release|Any CPU.ActiveCfg = Release|Any CPU
		{74DF4EFA-351A-4D59-AAAE-89F390336FFC}.Release|Any CPU.Build.0 = Release|Any CPU
		{91171072-B166-4EF3-9327-9C6D652F1503}.Debug|Any CPU.ActiveCfg = Debug|Any CPU
		{91171072-B166-4EF3-9327-9C6D652F1503}.Debug|Any CPU.Build.0 = Debug|Any CPU
		{91171072-B166-4EF3-9327-9C6D652F1503}.Release|Any CPU.ActiveCfg = Release|Any CPU
		{91171072-B166-4EF3-9327-9C6D652F1503}.Release|Any CPU.Build.0 = Release|Any CPU
	EndGlobalSection
EndGlobal
